
Microsoft Visual Studio Solution File, Format Version 12.00
# Visual Studio Version 16
VisualStudioVersion = 16.0.30320.27
MinimumVisualStudioVersion = 10.0.40219.1
Project("{FAE04EC0-301F-11D3-BF4B-00C04F79EFBC}") = "Ass1", "Ass1.csproj", "{51717F6D-AC95-49EF-9604-3CC6C4BBD8FE}"
EndProject
Global
	GlobalSection(SolutionConfigurationPlatforms) = preSolution
		Debug|Any CPU = Debug|Any CPU
		Release|Any CPU = Release|Any CPU
	EndGlobalSection
	GlobalSection(ProjectConfigurationPlatforms) = postSolution
		{51717F6D-AC95-49EF-9604-3CC6C4BBD8FE}.Debug|Any CPU.ActiveCfg = Debug|Any CPU
		{51717F6D-AC95-49EF-9604-3CC6C4BBD8FE}.Debug|Any CPU.Build.0 = Debug|Any CPU
		{51717F6D-AC95-49EF-9604-3CC6C4BBD8FE}.Release|Any CPU.ActiveCfg = Release|Any CPU
		{51717F6D-AC95-49EF-9604-3CC6C4BBD8FE}.Release|Any CPU.Build.0 = Release|Any CPU
	EndGlobalSection
	GlobalSection(SolutionProperties) = preSolution
		HideSolutionNode = FALSE
	EndGlobalSection
	GlobalSection(ExtensibilityGlobals) = postSolution
		SolutionGuid = {F401C353-6413-4B22-8FEF-D2A74244B90E}
	EndGlobalSection
EndGlobal
